
Microsoft Visual Studio Solution File, Format Version 12.00
# Visual Studio 15
VisualStudioVersion = 15.0.27130.2020
MinimumVisualStudioVersion = 10.0.40219.1
Project("{FAE04EC0-301F-11D3-BF4B-00C04F79EFBC}") = "Hangs and Exceptions in WPF", "Hangs and Exceptions in WPF.csproj", "{00D31E63-7EFB-40AD-8402-1FEECD3D5EF6}"
EndProject
Global
	GlobalSection(SolutionConfigurationPlatforms) = preSolution
		Debug|Any CPU = Debug|Any CPU
		Debug|x86 = Debug|x86
		Release|Any CPU = Release|Any CPU
		Release|x86 = Release|x86
	EndGlobalSection
	GlobalSection(ProjectConfigurationPlatforms) = postSolution
		{00D31E63-7EFB-40AD-8402-1FEECD3D5EF6}.Debug|Any CPU.ActiveCfg = Debug|Any CPU
		{00D31E63-7EFB-40AD-8402-1FEECD3D5EF6}.Debug|Any CPU.Build.0 = Debug|Any CPU
		{00D31E63-7EFB-40AD-8402-1FEECD3D5EF6}.Debug|x86.ActiveCfg = Debug|x86
		{00D31E63-7EFB-40AD-8402-1FEECD3D5EF6}.Debug|x86.Build.0 = Debug|x86
		{00D31E63-7EFB-40AD-8402-1FEECD3D5EF6}.Release|Any CPU.ActiveCfg = Release|Any CPU
		{00D31E63-7EFB-40AD-8402-1FEECD3D5EF6}.Release|Any CPU.Build.0 = Release|Any CPU
		{00D31E63-7EFB-40AD-8402-1FEECD3D5EF6}.Release|x86.ActiveCfg = Release|x86
		{00D31E63-7EFB-40AD-8402-1FEECD3D5EF6}.Release|x86.Build.0 = Release|x86
	EndGlobalSection
	GlobalSection(SolutionProperties) = preSolution
		HideSolutionNode = FALSE
	EndGlobalSection
	GlobalSection(ExtensibilityGlobals) = postSolution
		SolutionGuid = {997DBBE5-8FA9-486E-B16E-EE191BD732D7}
	EndGlobalSection
EndGlobal
